// !$*UTF8*$!
{
	archiveVersion = 1;
	classes = {
	};
	objectVersion = 55;
	objects = {

/* Begin PBXBuildFile section */
		F57BE920299BDE01001B7ED3 /* AppDelegate.swift in Sources */ = {isa = PBXBuildFile; fileRef = F57BE91F299BDE01001B7ED3 /* AppDelegate.swift */; };
		F57BE922299BDE01001B7ED3 /* SceneDelegate.swift in Sources */ = {isa = PBXBuildFile; fileRef = F57BE921299BDE01001B7ED3 /* SceneDelegate.swift */; };
		F57BE924299BDE01001B7ED3 /* ViewController.swift in Sources */ = {isa = PBXBuildFile; fileRef = F57BE923299BDE01001B7ED3 /* ViewController.swift */; };
		F57BE927299BDE02001B7ED3 /* Main.storyboard in Resources */ = {isa = PBXBuildFile; fileRef = F57BE925299BDE02001B7ED3 /* Main.storyboard */; };
		F57BE929299BDE04001B7ED3 /* Assets.xcassets in Resources */ = {isa = PBXBuildFile; fileRef = F57BE928299BDE04001B7ED3 /* Assets.xcassets */; };
		F57BE92C299BDE04001B7ED3 /* LaunchScreen.storyboard in Resources */ = {isa = PBXBuildFile; fileRef = F57BE92A299BDE04001B7ED3 /* LaunchScreen.storyboard */; };
		F57BE934299BE1E0001B7ED3 /* ViewCintrollerTableView.swift in Sources */ = {isa = PBXBuildFile; fileRef = F57BE933299BE1E0001B7ED3 /* ViewCintrollerTableView.swift */; };
		F57BE936299C0D26001B7ED3 /* Contact.swift in Sources */ = {isa = PBXBuildFile; fileRef = F57BE935299C0D26001B7ED3 /* Contact.swift */; };
		F57BE938299C175E001B7ED3 /* NewContactController.swift in Sources */ = {isa = PBXBuildFile; fileRef = F57BE937299C175E001B7ED3 /* NewContactController.swift */; };
/* End PBXBuildFile section */

/* Begin PBXFileReference section */
		F57BE91C299BDE01001B7ED3 /* ContactsTableView.app */ = {isa = PBXFileReference; explicitFileType = wrapper.application; includeInIndex = 0; path = ContactsTableView.app; sourceTree = BUILT_PRODUCTS_DIR; };
		F57BE91F299BDE01001B7ED3 /* AppDelegate.swift */ = {isa = PBXFileReference; lastKnownFileType = sourcecode.swift; path = AppDelegate.swift; sourceTree = "<group>"; };
		F57BE921299BDE01001B7ED3 /* SceneDelegate.swift */ = {isa = PBXFileReference; lastKnownFileType = sourcecode.swift; path = SceneDelegate.swift; sourceTree = "<group>"; };
		F57BE923299BDE01001B7ED3 /* ViewController.swift */ = {isa = PBXFileReference; lastKnownFileType = sourcecode.swift; path = ViewController.swift; sourceTree = "<group>"; };
		F57BE926299BDE02001B7ED3 /* Base */ = {isa = PBXFileReference; lastKnownFileType = file.storyboard; name = Base; path = Base.lproj/Main.storyboard; sourceTree = "<group>"; };
		F57BE928299BDE04001B7ED3 /* Assets.xcassets */ = {isa = PBXFileReference; lastKnownFileType = folder.assetcatalog; path = Assets.xcassets; sourceTree = "<group>"; };
		F57BE92B299BDE04001B7ED3 /* Base */ = {isa = PBXFileReference; lastKnownFileType = file.storyboard; name = Base; path = Base.lproj/LaunchScreen.storyboard; sourceTree = "<group>"; };
		F57BE92D299BDE04001B7ED3 /* Info.plist */ = {isa = PBXFileReference; lastKnownFileType = text.plist.xml; path = Info.plist; sourceTree = "<group>"; };
		F57BE933299BE1E0001B7ED3 /* ViewCintrollerTableView.swift */ = {isa = PBXFileReference; lastKnownFileType = sourcecode.swift; path = ViewCintrollerTableView.swift; sourceTree = "<group>"; };
		F57BE935299C0D26001B7ED3 /* Contact.swift */ = {isa = PBXFileReference; lastKnownFileType = sourcecode.swift; path = Contact.swift; sourceTree = "<group>"; };
		F57BE937299C175E001B7ED3 /* NewContactController.swift */ = {isa = PBXFileReference; lastKnownFileType = sourcecode.swift; path = NewContactController.swift; sourceTree = "<group>"; };
/* End PBXFileReference section */

/* Begin PBXFrameworksBuildPhase section */
		F57BE919299BDE01001B7ED3 /* Frameworks */ = {
			isa = PBXFrameworksBuildPhase;
			buildActionMask = 2147483647;
			files = (
			);
			runOnlyForDeploymentPostprocessing = 0;
		};
/* End PBXFrameworksBuildPhase section */

/* Begin PBXGroup section */
		F57BE913299BDE01001B7ED3 = {
			isa = PBXGroup;
			children = (
				F57BE91E299BDE01001B7ED3 /* ContactsTableView */,
				F57BE91D299BDE01001B7ED3 /* Products */,
			);
			sourceTree = "<group>";
		};
		F57BE91D299BDE01001B7ED3 /* Products */ = {
			isa = PBXGroup;
			children = (
				F57BE91C299BDE01001B7ED3 /* ContactsTableView.app */,
			);
			name = Products;
			sourceTree = "<group>";
		};
		F57BE91E299BDE01001B7ED3 /* ContactsTableView */ = {
			isa = PBXGroup;
			children = (
				F57BE91F299BDE01001B7ED3 /* AppDelegate.swift */,
				F57BE921299BDE01001B7ED3 /* SceneDelegate.swift */,
				F57BE923299BDE01001B7ED3 /* ViewController.swift */,
				F57BE925299BDE02001B7ED3 /* Main.storyboard */,
				F57BE928299BDE04001B7ED3 /* Assets.xcassets */,
				F57BE92A299BDE04001B7ED3 /* LaunchScreen.storyboard */,
				F57BE92D299BDE04001B7ED3 /* Info.plist */,
				F57BE933299BE1E0001B7ED3 /* ViewCintrollerTableView.swift */,
				F57BE935299C0D26001B7ED3 /* Contact.swift */,
				F57BE937299C175E001B7ED3 /* NewContactController.swift */,
			);
			path = ContactsTableView;
			sourceTree = "<group>";
		};
/* End PBXGroup section */

/* Begin PBXNativeTarget section */
		F57BE91B299BDE01001B7ED3 /* ContactsTableView */ = {
			isa = PBXNativeTarget;
			buildConfigurationList = F57BE930299BDE04001B7ED3 /* Build configuration list for PBXNativeTarget "ContactsTableView" */;
			buildPhases = (
				F57BE918299BDE01001B7ED3 /* Sources */,
				F57BE919299BDE01001B7ED3 /* Frameworks */,
				F57BE91A299BDE01001B7ED3 /* Resources */,
			);
			buildRules = (
			);
			dependencies = (
			);
			name = ContactsTableView;
			productName = ContactsTableView;
			productReference = F57BE91C299BDE01001B7ED3 /* ContactsTableView.app */;
			productType = "com.apple.product-type.application";
		};
/* End PBXNativeTarget section */

/* Begin PBXProject section */
		F57BE914299BDE01001B7ED3 /* Project object */ = {
			isa = PBXProject;
			attributes = {
				BuildIndependentTargetsInParallel = 1;
				LastSwiftUpdateCheck = 1320;
				LastUpgradeCheck = 1320;
				TargetAttributes = {
					F57BE91B299BDE01001B7ED3 = {
						CreatedOnToolsVersion = 13.2.1;
					};
				};
			};
			buildConfigurationList = F57BE917299BDE01001B7ED3 /* Build configuration list for PBXProject "ContactsTableView" */;
			compatibilityVersion = "Xcode 13.0";
			developmentRegion = en;
			hasScannedForEncodings = 0;
			knownRegions = (
				en,
				Base,
			);
			mainGroup = F57BE913299BDE01001B7ED3;
			productRefGroup = F57BE91D299BDE01001B7ED3 /* Products */;
			projectDirPath = "";
			projectRoot = "";
			targets = (
				F57BE91B299BDE01001B7ED3 /* ContactsTableView */,
			);
		};
/* End PBXProject section */

/* Begin PBXResourcesBuildPhase section */
		F57BE91A299BDE01001B7ED3 /* Resources */ = {
			isa = PBXResourcesBuildPhase;
			buildActionMask = 2147483647;
			files = (
				F57BE92C299BDE04001B7ED3 /* LaunchScreen.storyboard in Resources */,
				F57BE929299BDE04001B7ED3 /* Assets.xcassets in Resources */,
				F57BE927299BDE02001B7ED3 /* Main.storyboard in Resources */,
			);
			runOnlyForDeploymentPostprocessing = 0;
		};
/* End PBXResourcesBuildPhase section */

/* Begin PBXSourcesBuildPhase section */
		F57BE918299BDE01001B7ED3 /* Sources */ = {
			isa = PBXSourcesBuildPhase;
			buildActionMask = 2147483647;
			files = (
				F57BE934299BE1E0001B7ED3 /* ViewCintrollerTableView.swift in Sources */,
				F57BE938299C175E001B7ED3 /* NewContactController.swift in Sources */,
				F57BE924299BDE01001B7ED3 /* ViewController.swift in Sources */,
				F57BE936299C0D26001B7ED3 /* Contact.swift in Sources */,
				F57BE920299BDE01001B7ED3 /* AppDelegate.swift in Sources */,
				F57BE922299BDE01001B7ED3 /* SceneDelegate.swift in Sources */,
			);
			runOnlyForDeploymentPostprocessing = 0;
		};
/* End PBXSourcesBuildPhase section */

/* Begin PBXVariantGroup section */
		F57BE925299BDE02001B7ED3 /* Main.storyboard */ = {
			isa = PBXVariantGroup;
			children = (
				F57BE926299BDE02001B7ED3 /* Base */,
			);
			name = Main.storyboard;
			sourceTree = "<group>";
		};
		F57BE92A299BDE04001B7ED3 /* LaunchScreen.storyboard */ = {
			isa = PBXVariantGroup;
			children = (
				F57BE92B299BDE04001B7ED3 /* Base */,
			);
			name = LaunchScreen.storyboard;
			sourceTree = "<group>";
		};
/* End PBXVariantGroup section */

/* Begin XCBuildConfiguration section */
		F57BE92E299BDE04001B7ED3 /* Debug */ = {
			isa = XCBuildConfiguration;
			buildSettings = {
				ALWAYS_SEARCH_USER_PATHS = NO;
				CLANG_ANALYZER_NONNULL = YES;
				CLANG_ANALYZER_NUMBER_OBJECT_CONVERSION = YES_AGGRESSIVE;
				CLANG_CXX_LANGUAGE_STANDARD = "gnu++17";
				CLANG_CXX_LIBRARY = "libc++";
				CLANG_ENABLE_MODULES = YES;
				CLANG_ENABLE_OBJC_ARC = YES;
				CLANG_ENABLE_OBJC_WEAK = YES;
				CLANG_WARN_BLOCK_CAPTURE_AUTORELEASING = YES;
				CLANG_WARN_BOOL_CONVERSION = YES;
				CLANG_WARN_COMMA = YES;
				CLANG_WARN_CONSTANT_CONVERSION = YES;
				CLANG_WARN_DEPRECATED_OBJC_IMPLEMENTATIONS = YES;
				CLANG_WARN_DIRECT_OBJC_ISA_USAGE = YES_ERROR;
				CLANG_WARN_DOCUMENTATION_COMMENTS = YES;
				CLANG_WARN_EMPTY_BODY = YES;
				CLANG_WARN_ENUM_CONVERSION = YES;
				CLANG_WARN_INFINITE_RECURSION = YES;
				CLANG_WARN_INT_CONVERSION = YES;
				CLANG_WARN_NON_LITERAL_NULL_CONVERSION = YES;
				CLANG_WARN_OBJC_IMPLICIT_RETAIN_SELF = YES;
				CLANG_WARN_OBJC_LITERAL_CONVERSION = YES;
				CLANG_WARN_OBJC_ROOT_CLASS = YES_ERROR;
				CLANG_WARN_QUOTED_INCLUDE_IN_FRAMEWORK_HEADER = YES;
				CLANG_WARN_RANGE_LOOP_ANALYSIS = YES;
				CLANG_WARN_STRICT_PROTOTYPES = YES;
				CLANG_WARN_SUSPICIOUS_MOVE = YES;
				CLANG_WARN_UNGUARDED_AVAILABILITY = YES_AGGRESSIVE;
				CLANG_WARN_UNREACHABLE_CODE = YES;
				CLANG_WARN__DUPLICATE_METHOD_MATCH = YES;
				COPY_PHASE_STRIP = NO;
				DEBUG_INFORMATION_FORMAT = dwarf;
				ENABLE_STRICT_OBJC_MSGSEND = YES;
				ENABLE_TESTABILITY = YES;
				GCC_C_LANGUAGE_STANDARD = gnu11;
				GCC_DYNAMIC_NO_PIC = NO;
				GCC_NO_COMMON_BLOCKS = YES;
				GCC_OPTIMIZATION_LEVEL = 0;
				GCC_PREPROCESSOR_DEFINITIONS = (
					"DEBUG=1",
					"$(inherited)",
				);
				GCC_WARN_64_TO_32_BIT_CONVERSION = YES;
				GCC_WARN_ABOUT_RETURN_TYPE = YES_ERROR;
				GCC_WARN_UNDECLARED_SELECTOR = YES;
				GCC_WARN_UNINITIALIZED_AUTOS = YES_AGGRESSIVE;
				GCC_WARN_UNUSED_FUNCTION = YES;
				GCC_WARN_UNUSED_VARIABLE = YES;
				IPHONEOS_DEPLOYMENT_TARGET = 15.2;
				MTL_ENABLE_DEBUG_INFO = INCLUDE_SOURCE;
				MTL_FAST_MATH = YES;
				ONLY_ACTIVE_ARCH = YES;
				SDKROOT = iphoneos;
				SWIFT_ACTIVE_COMPILATION_CONDITIONS = DEBUG;
				SWIFT_OPTIMIZATION_LEVEL = "-Onone";
			};
			name = Debug;
		};
		F57BE92F299BDE04001B7ED3 /* Release */ = {
			isa = XCBuildConfiguration;
			buildSettings = {
				ALWAYS_SEARCH_USER_PATHS = NO;
				CLANG_ANALYZER_NONNULL = YES;
				CLANG_ANALYZER_NUMBER_OBJECT_CONVERSION = YES_AGGRESSIVE;
				CLANG_CXX_LANGUAGE_STANDARD = "gnu++17";
				CLANG_CXX_LIBRARY = "libc++";
				CLANG_ENABLE_MODULES = YES;
				CLANG_ENABLE_OBJC_ARC = YES;
				CLANG_ENABLE_OBJC_WEAK = YES;
				CLANG_WARN_BLOCK_CAPTURE_AUTORELEASING = YES;
				CLANG_WARN_BOOL_CONVERSION = YES;
				CLANG_WARN_COMMA = YES;
				CLANG_WARN_CONSTANT_CONVERSION = YES;
				CLANG_WARN_DEPRECATED_OBJC_IMPLEMENTATIONS = YES;
				CLANG_WARN_DIRECT_OBJC_ISA_USAGE = YES_ERROR;
				CLANG_WARN_DOCUMENTATION_COMMENTS = YES;
				CLANG_WARN_EMPTY_BODY = YES;
				CLANG_WARN_ENUM_CONVERSION = YES;
				CLANG_WARN_INFINITE_RECURSION = YES;
				CLANG_WARN_INT_CONVERSION = YES;
				CLANG_WARN_NON_LITERAL_NULL_CONVERSION = YES;
				CLANG_WARN_OBJC_IMPLICIT_RETAIN_SELF = YES;
				CLANG_WARN_OBJC_LITERAL_CONVERSION = YES;
				CLANG_WARN_OBJC_ROOT_CLASS = YES_ERROR;
				CLANG_WARN_QUOTED_INCLUDE_IN_FRAMEWORK_HEADER = YES;
				CLANG_WARN_RANGE_LOOP_ANALYSIS = YES;
				CLANG_WARN_STRICT_PROTOTYPES = YES;
				CLANG_WARN_SUSPICIOUS_MOVE = YES;
				CLANG_WARN_UNGUARDED_AVAILABILITY = YES_AGGRESSIVE;
				CLANG_WARN_UNREACHABLE_CODE = YES;
				CLANG_WARN__DUPLICATE_METHOD_MATCH = YES;
				COPY_PHASE_STRIP = NO;
				DEBUG_INFORMATION_FORMAT = "dwarf-with-dsym";
				ENABLE_NS_ASSERTIONS = NO;
				ENABLE_STRICT_OBJC_MSGSEND = YES;
				GCC_C_LANGUAGE_STANDARD = gnu11;
				GCC_NO_COMMON_BLOCKS = YES;
				GCC_WARN_64_TO_32_BIT_CONVERSION = YES;
				GCC_WARN_ABOUT_RETURN_TYPE = YES_ERROR;
				GCC_WARN_UNDECLARED_SELECTOR = YES;
				GCC_WARN_UNINITIALIZED_AUTOS = YES_AGGRESSIVE;
				GCC_WARN_UNUSED_FUNCTION = YES;
				GCC_WARN_UNUSED_VARIABLE = YES;
				IPHONEOS_DEPLOYMENT_TARGET = 15.2;
				MTL_ENABLE_DEBUG_INFO = NO;
				MTL_FAST_MATH = YES;
				SDKROOT = iphoneos;
				SWIFT_COMPILATION_MODE = wholemodule;
				SWIFT_OPTIMIZATION_LEVEL = "-O";
				VALIDATE_PRODUCT = YES;
			};
			name = Release;
		};
		F57BE931299BDE04001B7ED3 /* Debug */ = {
			isa = XCBuildConfiguration;
			buildSettings = {
				ASSETCATALOG_COMPILER_APPICON_NAME = AppIcon;
				ASSETCATALOG_COMPILER_GLOBAL_ACCENT_COLOR_NAME = AccentColor;
				CODE_SIGN_STYLE = Automatic;
				CURRENT_PROJECT_VERSION = 1;
				GENERATE_INFOPLIST_FILE = YES;
				INFOPLIST_FILE = ContactsTableView/Info.plist;
				INFOPLIST_KEY_UIApplicationSupportsIndirectInputEvents = YES;
				INFOPLIST_KEY_UILaunchStoryboardName = LaunchScreen;
				INFOPLIST_KEY_UIMainStoryboardFile = Main;
				INFOPLIST_KEY_UISupportedInterfaceOrientations_iPad = "UIInterfaceOrientationPortrait UIInterfaceOrientationPortraitUpsideDown UIInterfaceOrientationLandscapeLeft UIInterfaceOrientationLandscapeRight";
				INFOPLIST_KEY_UISupportedInterfaceOrientations_iPhone = "UIInterfaceOrientationPortrait UIInterfaceOrientationLandscapeLeft UIInterfaceOrientationLandscapeRight";
				LD_RUNPATH_SEARCH_PATHS = (
					"$(inherited)",
					"@executable_path/Frameworks",
				);
				MARKETING_VERSION = 1.0;
				PRODUCT_BUNDLE_IDENTIFIER = qwe.ContactsTableView;
				PRODUCT_NAME = "$(TARGET_NAME)";
				SWIFT_EMIT_LOC_STRINGS = YES;
				SWIFT_VERSION = 5.0;
				TARGETED_DEVICE_FAMILY = "1,2";
			};
			name = Debug;
		};
		F57BE932299BDE04001B7ED3 /* Release */ = {
			isa = XCBuildConfiguration;
			buildSettings = {
				ASSETCATALOG_COMPILER_APPICON_NAME = AppIcon;
				ASSETCATALOG_COMPILER_GLOBAL_ACCENT_COLOR_NAME = AccentColor;
				CODE_SIGN_STYLE = Automatic;
				CURRENT_PROJECT_VERSION = 1;
				GENERATE_INFOPLIST_FILE = YES;
				INFOPLIST_FILE = ContactsTableView/Info.plist;
				INFOPLIST_KEY_UIApplicationSupportsIndirectInputEvents = YES;
				INFOPLIST_KEY_UILaunchStoryboardName = LaunchScreen;
				INFOPLIST_KEY_UIMainStoryboardFile = Main;
				INFOPLIST_KEY_UISupportedInterfaceOrientations_iPad = "UIInterfaceOrientationPortrait UIInterfaceOrientationPortraitUpsideDown UIInterfaceOrientationLandscapeLeft UIInterfaceOrientationLandscapeRight";
				INFOPLIST_KEY_UISupportedInterfaceOrientations_iPhone = "UIInterfaceOrientationPortrait UIInterfaceOrientationLandscapeLeft UIInterfaceOrientationLandscapeRight";
				LD_RUNPATH_SEARCH_PATHS = (
					"$(inherited)",
					"@executable_path/Frameworks",
				);
				MARKETING_VERSION = 1.0;
				PRODUCT_BUNDLE_IDENTIFIER = qwe.ContactsTableView;
				PRODUCT_NAME = "$(TARGET_NAME)";
				SWIFT_EMIT_LOC_STRINGS = YES;
				SWIFT_VERSION = 5.0;
				TARGETED_DEVICE_FAMILY = "1,2";
			};
			name = Release;
		};
/* End XCBuildConfiguration section */

/* Begin XCConfigurationList section */
		F57BE917299BDE01001B7ED3 /* Build configuration list for PBXProject "ContactsTableView" */ = {
			isa = XCConfigurationList;
			buildConfigurations = (
				F57BE92E299BDE04001B7ED3 /* Debug */,
				F57BE92F299BDE04001B7ED3 /* Release */,
			);
			defaultConfigurationIsVisible = 0;
			defaultConfigurationName = Release;
		};
		F57BE930299BDE04001B7ED3 /* Build configuration list for PBXNativeTarget "ContactsTableView" */ = {
			isa = XCConfigurationList;
			buildConfigurations = (
				F57BE931299BDE04001B7ED3 /* Debug */,
				F57BE932299BDE04001B7ED3 /* Release */,
			);
			defaultConfigurationIsVisible = 0;
			defaultConfigurationName = Release;
		};
/* End XCConfigurationList section */
	};
	rootObject = F57BE914299BDE01001B7ED3 /* Project object */;
}
